
Microsoft Visual Studio Solution File, Format Version 12.00
# Visual Studio 15
VisualStudioVersion = 15.0.27130.2010
MinimumVisualStudioVersion = 10.0.40219.1
Project("{2150E333-8FDC-42A3-9474-1A3956D46DE8}") = "基础设施层", "基础设施层", "{BC595DAB-9FA1-42B2-B359-701857122D94}"
EndProject
Project("{2150E333-8FDC-42A3-9474-1A3956D46DE8}") = "测试", "测试", "{12F7C629-CC8E-4D9A-B58B-8404836E2095}"
EndProject
Project("{2150E333-8FDC-42A3-9474-1A3956D46DE8}") = "展现层", "展现层", "{3262005B-1A8E-4C24-96DB-FB6FC47B7E8F}"
EndProject
Project("{FAE04EC0-301F-11D3-BF4B-00C04F79EFBC}") = "HM.MasterControl", "HM.MasterControl\HM.MasterControl.csproj", "{30AFD40B-AC57-47FE-8A07-E6FBA341FC71}"
EndProject
Project("{FAE04EC0-301F-11D3-BF4B-00C04F79EFBC}") = "HM.Cloud.Server", "HM.Cloud.Server\HM.Cloud.Server.csproj", "{DB890363-A013-4CFB-99DE-CF76F346EE5A}"
EndProject
Project("{FAE04EC0-301F-11D3-BF4B-00C04F79EFBC}") = "HM.Cloud.Client", "HM.Cloud.Client\HM.Cloud.Client.csproj", "{0C3B4FC7-4695-48BD-AA29-6EA5572DF3DB}"
EndProject
Project("{FAE04EC0-301F-11D3-BF4B-00C04F79EFBC}") = "HM.WatchDog", "HM.WatchDog\HM.WatchDog.csproj", "{AFBB3658-F276-44A4-AECF-AAF729587FA4}"
EndProject
Project("{FAE04EC0-301F-11D3-BF4B-00C04F79EFBC}") = "HM.Form_", "HM.Form_\HM.Form_.csproj", "{66915408-D8F4-43B8-B126-AD3FD0706CCA}"
EndProject
Project("{FAE04EC0-301F-11D3-BF4B-00C04F79EFBC}") = "HMTests", "HMTests\HMTests.csproj", "{487CF51C-1710-4DD9-BD10-A3D275F21A4D}"
EndProject
Project("{FAE04EC0-301F-11D3-BF4B-00C04F79EFBC}") = "HM", "HM\HM.csproj", "{61D0F886-DB69-45B7-AE4B-5405E6D58A8F}"
EndProject
Project("{FAE04EC0-301F-11D3-BF4B-00C04F79EFBC}") = "HM.Common_", "HM.Common_\HM.Common_.csproj", "{A3D97C81-7036-4645-A3CF-2C9A3A366CDB}"
EndProject
Project("{FAE04EC0-301F-11D3-BF4B-00C04F79EFBC}") = "HM.Enum_", "HM.Enum_\HM.Enum_.csproj", "{F26F1383-FCCA-410D-8E7E-376FAED6B8F1}"
EndProject
Project("{FAE04EC0-301F-11D3-BF4B-00C04F79EFBC}") = "HM.Socket_", "HM.Socket_\HM.Socket_.csproj", "{5C13198C-061B-4C02-B832-E770B5132FD0}"
EndProject
Project("{FAE04EC0-301F-11D3-BF4B-00C04F79EFBC}") = "HM.Socket_.Common_", "HM.Socket_.Common_\HM.Socket_.Common_.csproj", "{84D387C8-A1CD-4E0C-9D71-3C59C4A60FF4}"
EndProject
Project("{FAE04EC0-301F-11D3-BF4B-00C04F79EFBC}") = "HM.Utils_", "HM.Utils_\HM.Utils_.csproj", "{38F4F95A-F905-43E1-8AD0-4D7D4820EDEF}"
EndProject
Project("{FAE04EC0-301F-11D3-BF4B-00C04F79EFBC}") = "HM.AutoUpdate", "HM.AutoUpdate\HM.AutoUpdate.csproj", "{433B3A9E-2B32-4B2F-874E-7F877678131C}"
EndProject
Project("{2150E333-8FDC-42A3-9474-1A3956D46DE8}") = "业务层", "业务层", "{30170FA1-E0F0-487C-B61C-5ED60DD52B15}"
EndProject
Project("{FAE04EC0-301F-11D3-BF4B-00C04F79EFBC}") = "HM.ControlCenter", "HM.ControlCenter\HM.ControlCenter.csproj", "{C1E7C5B7-0BFA-4F28-B441-C66D76B538BE}"
EndProject
Project("{FAE04EC0-301F-11D3-BF4B-00C04F79EFBC}") = "HM.FacePlatform", "HM.FacePlatForm\HM.FacePlatform.csproj", "{5CF87282-4730-40ED-BD50-2C3BBB2261F2}"
EndProject
Project("{2150E333-8FDC-42A3-9474-1A3956D46DE8}") = "领域层", "领域层", "{9469DF12-3006-4CE2-AD38-002A02B4C6EE}"
EndProject
Project("{FAE04EC0-301F-11D3-BF4B-00C04F79EFBC}") = "HM.DB.Server", "HM.DB.Server\HM.DB.Server.csproj", "{A80DB702-111F-46EC-AFFF-E0C67FFB76C1}"
EndProject
Project("{FAE04EC0-301F-11D3-BF4B-00C04F79EFBC}") = "HM.DB.Client", "HM.DB.Client\HM.DB.Client.csproj", "{F13E952E-4B30-499A-B5A5-2845D626322C}"
EndProject
Project("{FAE04EC0-301F-11D3-BF4B-00C04F79EFBC}") = "HM.Face.Common_", "HM.Face.Common_\HM.Face.Common_.csproj", "{52CC6BDC-99B7-4A88-B3CA-BBE35CD22D0A}"
EndProject
Project("{FAE04EC0-301F-11D3-BF4B-00C04F79EFBC}") = "HM.Face.Common_Tests", "HM.Face.Common_Tests\HM.Face.Common_Tests.csproj", "{CF12A3D2-2E5A-4A05-896F-EF5AF06E4604}"
EndProject
Project("{FAE04EC0-301F-11D3-BF4B-00C04F79EFBC}") = "HM.FacePlatform.Server", "HM.FacePlatForm.Server\HM.FacePlatform.Server.csproj", "{C48773CA-2BFA-4498-8EC4-157BBF5D01A7}"
EndProject
Project("{FAE04EC0-301F-11D3-BF4B-00C04F79EFBC}") = "HM.FacePlatform.Client", "HM.FacePlatForm.Client\HM.FacePlatform.Client.csproj", "{F4AC8A4F-FCA2-4C47-9730-27D2B46F809C}"
EndProject
Project("{2150E333-8FDC-42A3-9474-1A3956D46DE8}") = "人脸平台", "人脸平台", "{06112254-D3B6-440D-BA0C-BB7763942DCE}"
EndProject
Project("{FAE04EC0-301F-11D3-BF4B-00C04F79EFBC}") = "HM.FacePlatform.CRM", "HM.FacePlatForm.CRM\HM.FacePlatform.CRM.csproj", "{BEBD3DF3-CF94-4616-A134-34B6318AF330}"
EndProject
Project("{2150E333-8FDC-42A3-9474-1A3956D46DE8}") = "人脸平台", "人脸平台", "{C975B682-4136-43DD-B39B-41DC8840F993}"
EndProject
Project("{FAE04EC0-301F-11D3-BF4B-00C04F79EFBC}") = "HM.FacePlatform.BLL", "HM.FacePlatForm.BLL\HM.FacePlatform.BLL.csproj", "{1AFA51AE-A00B-4DFB-9329-36D11D3E70B0}"
EndProject
Project("{FAE04EC0-301F-11D3-BF4B-00C04F79EFBC}") = "HM.Form_.Old", "HM.Form_.Old\HM.Form_.Old.csproj", "{77D85FAE-9622-4556-8AD4-0315EA19DAF7}"
EndProject
Project("{FAE04EC0-301F-11D3-BF4B-00C04F79EFBC}") = "HM.FacePlatform.DAL", "HM.FacePlatForm.DAL\HM.FacePlatform.DAL.csproj", "{3157A447-D9CD-45D1-B571-7DD9CEC0A7EB}"
EndProject
Project("{FAE04EC0-301F-11D3-BF4B-00C04F79EFBC}") = "HM.FacePlatform.Model", "HM.FacePlatForm.Model\HM.FacePlatform.Model.csproj", "{7C1F67B9-6158-401C-9F47-6F9AF3B31D3A}"
EndProject
Project("{FAE04EC0-301F-11D3-BF4B-00C04F79EFBC}") = "HM.FacePlatform.WeChatModel", "HM.FacePlatForm.WeChatModel\HM.FacePlatform.WeChatModel.csproj", "{1EF4B4C6-E477-4FDE-8AD2-DF72A24270EC}"
EndProject
Project("{2150E333-8FDC-42A3-9474-1A3956D46DE8}") = "人脸平台", "人脸平台", "{3E25B6A0-4F4C-447C-9ECF-C7DB082511FD}"
EndProject
Global
	GlobalSection(SolutionConfigurationPlatforms) = preSolution
		Debug|Any CPU = Debug|Any CPU
		DebugPublish|Any CPU = DebugPublish|Any CPU
		Release|Any CPU = Release|Any CPU
	EndGlobalSection
	GlobalSection(ProjectConfigurationPlatforms) = postSolution
		{30AFD40B-AC57-47FE-8A07-E6FBA341FC71}.Debug|Any CPU.ActiveCfg = Debug|Any CPU
		{30AFD40B-AC57-47FE-8A07-E6FBA341FC71}.Debug|Any CPU.Build.0 = Debug|Any CPU
		{30AFD40B-AC57-47FE-8A07-E6FBA341FC71}.DebugPublish|Any CPU.ActiveCfg = Debug|Any CPU
		{30AFD40B-AC57-47FE-8A07-E6FBA341FC71}.DebugPublish|Any CPU.Build.0 = Debug|Any CPU
		{30AFD40B-AC57-47FE-8A07-E6FBA341FC71}.Release|Any CPU.ActiveCfg = Release|Any CPU
		{30AFD40B-AC57-47FE-8A07-E6FBA341FC71}.Release|Any CPU.Build.0 = Release|Any CPU
		{DB890363-A013-4CFB-99DE-CF76F346EE5A}.Debug|Any CPU.ActiveCfg = Debug|Any CPU
		{DB890363-A013-4CFB-99DE-CF76F346EE5A}.Debug|Any CPU.Build.0 = Debug|Any CPU
		{DB890363-A013-4CFB-99DE-CF76F346EE5A}.DebugPublish|Any CPU.ActiveCfg = Debug|Any CPU
		{DB890363-A013-4CFB-99DE-CF76F346EE5A}.DebugPublish|Any CPU.Build.0 = Debug|Any CPU
		{DB890363-A013-4CFB-99DE-CF76F346EE5A}.Release|Any CPU.ActiveCfg = Release|Any CPU
		{DB890363-A013-4CFB-99DE-CF76F346EE5A}.Release|Any CPU.Build.0 = Release|Any CPU
		{0C3B4FC7-4695-48BD-AA29-6EA5572DF3DB}.Debug|Any CPU.ActiveCfg = Debug|Any CPU
		{0C3B4FC7-4695-48BD-AA29-6EA5572DF3DB}.Debug|Any CPU.Build.0 = Debug|Any CPU
		{0C3B4FC7-4695-48BD-AA29-6EA5572DF3DB}.DebugPublish|Any CPU.ActiveCfg = Debug|Any CPU
		{0C3B4FC7-4695-48BD-AA29-6EA5572DF3DB}.DebugPublish|Any CPU.Build.0 = Debug|Any CPU
		{0C3B4FC7-4695-48BD-AA29-6EA5572DF3DB}.Release|Any CPU.ActiveCfg = Release|Any CPU
		{0C3B4FC7-4695-48BD-AA29-6EA5572DF3DB}.Release|Any CPU.Build.0 = Release|Any CPU
		{AFBB3658-F276-44A4-AECF-AAF729587FA4}.Debug|Any CPU.ActiveCfg = Debug|Any CPU
		{AFBB3658-F276-44A4-AECF-AAF729587FA4}.Debug|Any CPU.Build.0 = Debug|Any CPU
		{AFBB3658-F276-44A4-AECF-AAF729587FA4}.DebugPublish|Any CPU.ActiveCfg = Debug|Any CPU
		{AFBB3658-F276-44A4-AECF-AAF729587FA4}.DebugPublish|Any CPU.Build.0 = Debug|Any CPU
		{AFBB3658-F276-44A4-AECF-AAF729587FA4}.Release|Any CPU.ActiveCfg = Release|Any CPU
		{AFBB3658-F276-44A4-AECF-AAF729587FA4}.Release|Any CPU.Build.0 = Release|Any CPU
		{66915408-D8F4-43B8-B126-AD3FD0706CCA}.Debug|Any CPU.ActiveCfg = Debug|Any CPU
		{66915408-D8F4-43B8-B126-AD3FD0706CCA}.Debug|Any CPU.Build.0 = Debug|Any CPU
		{66915408-D8F4-43B8-B126-AD3FD0706CCA}.DebugPublish|Any CPU.ActiveCfg = Debug|Any CPU
		{66915408-D8F4-43B8-B126-AD3FD0706CCA}.DebugPublish|Any CPU.Build.0 = Debug|Any CPU
		{66915408-D8F4-43B8-B126-AD3FD0706CCA}.Release|Any CPU.ActiveCfg = Release|Any CPU
		{66915408-D8F4-43B8-B126-AD3FD0706CCA}.Release|Any CPU.Build.0 = Release|Any CPU
		{487CF51C-1710-4DD9-BD10-A3D275F21A4D}.Debug|Any CPU.ActiveCfg = Debug|Any CPU
		{487CF51C-1710-4DD9-BD10-A3D275F21A4D}.Debug|Any CPU.Build.0 = Debug|Any CPU
		{487CF51C-1710-4DD9-BD10-A3D275F21A4D}.DebugPublish|Any CPU.ActiveCfg = Debug|Any CPU
		{487CF51C-1710-4DD9-BD10-A3D275F21A4D}.DebugPublish|Any CPU.Build.0 = Debug|Any CPU
		{487CF51C-1710-4DD9-BD10-A3D275F21A4D}.Release|Any CPU.ActiveCfg = Release|Any CPU
		{487CF51C-1710-4DD9-BD10-A3D275F21A4D}.Release|Any CPU.Build.0 = Release|Any CPU
		{61D0F886-DB69-45B7-AE4B-5405E6D58A8F}.Debug|Any CPU.ActiveCfg = Debug|Any CPU
		{61D0F886-DB69-45B7-AE4B-5405E6D58A8F}.Debug|Any CPU.Build.0 = Debug|Any CPU
		{61D0F886-DB69-45B7-AE4B-5405E6D58A8F}.DebugPublish|Any CPU.ActiveCfg = Debug|Any CPU
		{61D0F886-DB69-45B7-AE4B-5405E6D58A8F}.DebugPublish|Any CPU.Build.0 = Debug|Any CPU
		{61D0F886-DB69-45B7-AE4B-5405E6D58A8F}.Release|Any CPU.ActiveCfg = Release|Any CPU
		{61D0F886-DB69-45B7-AE4B-5405E6D58A8F}.Release|Any CPU.Build.0 = Release|Any CPU
		{A3D97C81-7036-4645-A3CF-2C9A3A366CDB}.Debug|Any CPU.ActiveCfg = Debug|Any CPU
		{A3D97C81-7036-4645-A3CF-2C9A3A366CDB}.Debug|Any CPU.Build.0 = Debug|Any CPU
		{A3D97C81-7036-4645-A3CF-2C9A3A366CDB}.DebugPublish|Any CPU.ActiveCfg = Debug|Any CPU
		{A3D97C81-7036-4645-A3CF-2C9A3A366CDB}.DebugPublish|Any CPU.Build.0 = Debug|Any CPU
		{A3D97C81-7036-4645-A3CF-2C9A3A366CDB}.Release|Any CPU.ActiveCfg = Release|Any CPU
		{A3D97C81-7036-4645-A3CF-2C9A3A366CDB}.Release|Any CPU.Build.0 = Release|Any CPU
		{F26F1383-FCCA-410D-8E7E-376FAED6B8F1}.Debug|Any CPU.ActiveCfg = Debug|Any CPU
		{F26F1383-FCCA-410D-8E7E-376FAED6B8F1}.Debug|Any CPU.Build.0 = Debug|Any CPU
		{F26F1383-FCCA-410D-8E7E-376FAED6B8F1}.DebugPublish|Any CPU.ActiveCfg = Debug|Any CPU
		{F26F1383-FCCA-410D-8E7E-376FAED6B8F1}.DebugPublish|Any CPU.Build.0 = Debug|Any CPU
		{F26F1383-FCCA-410D-8E7E-376FAED6B8F1}.Release|Any CPU.ActiveCfg = Release|Any CPU
		{F26F1383-FCCA-410D-8E7E-376FAED6B8F1}.Release|Any CPU.Build.0 = Release|Any CPU
		{5C13198C-061B-4C02-B832-E770B5132FD0}.Debug|Any CPU.ActiveCfg = Debug|Any CPU
		{5C13198C-061B-4C02-B832-E770B5132FD0}.Debug|Any CPU.Build.0 = Debug|Any CPU
		{5C13198C-061B-4C02-B832-E770B5132FD0}.DebugPublish|Any CPU.ActiveCfg = Debug|Any CPU
		{5C13198C-061B-4C02-B832-E770B5132FD0}.DebugPublish|Any CPU.Build.0 = Debug|Any CPU
		{5C13198C-061B-4C02-B832-E770B5132FD0}.Release|Any CPU.ActiveCfg = Release|Any CPU
		{5C13198C-061B-4C02-B832-E770B5132FD0}.Release|Any CPU.Build.0 = Release|Any CPU
		{84D387C8-A1CD-4E0C-9D71-3C59C4A60FF4}.Debug|Any CPU.ActiveCfg = Debug|Any CPU
		{84D387C8-A1CD-4E0C-9D71-3C59C4A60FF4}.Debug|Any CPU.Build.0 = Debug|Any CPU
		{84D387C8-A1CD-4E0C-9D71-3C59C4A60FF4}.DebugPublish|Any CPU.ActiveCfg = Debug|Any CPU
		{84D387C8-A1CD-4E0C-9D71-3C59C4A60FF4}.DebugPublish|Any CPU.Build.0 = Debug|Any CPU
		{84D387C8-A1CD-4E0C-9D71-3C59C4A60FF4}.Release|Any CPU.ActiveCfg = Release|Any CPU
		{84D387C8-A1CD-4E0C-9D71-3C59C4A60FF4}.Release|Any CPU.Build.0 = Release|Any CPU
		{38F4F95A-F905-43E1-8AD0-4D7D4820EDEF}.Debug|Any CPU.ActiveCfg = Debug|Any CPU
		{38F4F95A-F905-43E1-8AD0-4D7D4820EDEF}.Debug|Any CPU.Build.0 = Debug|Any CPU
		{38F4F95A-F905-43E1-8AD0-4D7D4820EDEF}.DebugPublish|Any CPU.ActiveCfg = Debug|Any CPU
		{38F4F95A-F905-43E1-8AD0-4D7D4820EDEF}.DebugPublish|Any CPU.Build.0 = Debug|Any CPU
		{38F4F95A-F905-43E1-8AD0-4D7D4820EDEF}.Release|Any CPU.ActiveCfg = Release|Any CPU
		{38F4F95A-F905-43E1-8AD0-4D7D4820EDEF}.Release|Any CPU.Build.0 = Release|Any CPU
		{433B3A9E-2B32-4B2F-874E-7F877678131C}.Debug|Any CPU.ActiveCfg = Debug|Any CPU
		{433B3A9E-2B32-4B2F-874E-7F877678131C}.Debug|Any CPU.Build.0 = Debug|Any CPU
		{433B3A9E-2B32-4B2F-874E-7F877678131C}.DebugPublish|Any CPU.ActiveCfg = Debug|Any CPU
		{433B3A9E-2B32-4B2F-874E-7F877678131C}.DebugPublish|Any CPU.Build.0 = Debug|Any CPU
		{433B3A9E-2B32-4B2F-874E-7F877678131C}.Release|Any CPU.ActiveCfg = Release|Any CPU
		{433B3A9E-2B32-4B2F-874E-7F877678131C}.Release|Any CPU.Build.0 = Release|Any CPU
		{C1E7C5B7-0BFA-4F28-B441-C66D76B538BE}.Debug|Any CPU.ActiveCfg = Debug|Any CPU
		{C1E7C5B7-0BFA-4F28-B441-C66D76B538BE}.Debug|Any CPU.Build.0 = Debug|Any CPU
		{C1E7C5B7-0BFA-4F28-B441-C66D76B538BE}.DebugPublish|Any CPU.ActiveCfg = Debug|Any CPU
		{C1E7C5B7-0BFA-4F28-B441-C66D76B538BE}.DebugPublish|Any CPU.Build.0 = Debug|Any CPU
		{C1E7C5B7-0BFA-4F28-B441-C66D76B538BE}.Release|Any CPU.ActiveCfg = Release|Any CPU
		{C1E7C5B7-0BFA-4F28-B441-C66D76B538BE}.Release|Any CPU.Build.0 = Release|Any CPU
		{5CF87282-4730-40ED-BD50-2C3BBB2261F2}.Debug|Any CPU.ActiveCfg = Debug|Any CPU
		{5CF87282-4730-40ED-BD50-2C3BBB2261F2}.Debug|Any CPU.Build.0 = Debug|Any CPU
		{5CF87282-4730-40ED-BD50-2C3BBB2261F2}.DebugPublish|Any CPU.ActiveCfg = Debug|Any CPU
		{5CF87282-4730-40ED-BD50-2C3BBB2261F2}.DebugPublish|Any CPU.Build.0 = Debug|Any CPU
		{5CF87282-4730-40ED-BD50-2C3BBB2261F2}.Release|Any CPU.ActiveCfg = Release|Any CPU
		{5CF87282-4730-40ED-BD50-2C3BBB2261F2}.Release|Any CPU.Build.0 = Release|Any CPU
		{A80DB702-111F-46EC-AFFF-E0C67FFB76C1}.Debug|Any CPU.ActiveCfg = Debug|Any CPU
		{A80DB702-111F-46EC-AFFF-E0C67FFB76C1}.Debug|Any CPU.Build.0 = Debug|Any CPU
		{A80DB702-111F-46EC-AFFF-E0C67FFB76C1}.DebugPublish|Any CPU.ActiveCfg = Debug|Any CPU
		{A80DB702-111F-46EC-AFFF-E0C67FFB76C1}.DebugPublish|Any CPU.Build.0 = Debug|Any CPU
		{A80DB702-111F-46EC-AFFF-E0C67FFB76C1}.Release|Any CPU.ActiveCfg = Release|Any CPU
		{A80DB702-111F-46EC-AFFF-E0C67FFB76C1}.Release|Any CPU.Build.0 = Release|Any CPU
		{F13E952E-4B30-499A-B5A5-2845D626322C}.Debug|Any CPU.ActiveCfg = Debug|Any CPU
		{F13E952E-4B30-499A-B5A5-2845D626322C}.Debug|Any CPU.Build.0 = Debug|Any CPU
		{F13E952E-4B30-499A-B5A5-2845D626322C}.DebugPublish|Any CPU.ActiveCfg = Debug|Any CPU
		{F13E952E-4B30-499A-B5A5-2845D626322C}.DebugPublish|Any CPU.Build.0 = Debug|Any CPU
		{F13E952E-4B30-499A-B5A5-2845D626322C}.Release|Any CPU.ActiveCfg = Release|Any CPU
		{F13E952E-4B30-499A-B5A5-2845D626322C}.Release|Any CPU.Build.0 = Release|Any CPU
		{52CC6BDC-99B7-4A88-B3CA-BBE35CD22D0A}.Debug|Any CPU.ActiveCfg = Debug|Any CPU
		{52CC6BDC-99B7-4A88-B3CA-BBE35CD22D0A}.Debug|Any CPU.Build.0 = Debug|Any CPU
		{52CC6BDC-99B7-4A88-B3CA-BBE35CD22D0A}.DebugPublish|Any CPU.ActiveCfg = Debug|Any CPU
		{52CC6BDC-99B7-4A88-B3CA-BBE35CD22D0A}.DebugPublish|Any CPU.Build.0 = Debug|Any CPU
		{52CC6BDC-99B7-4A88-B3CA-BBE35CD22D0A}.Release|Any CPU.ActiveCfg = Release|Any CPU
		{52CC6BDC-99B7-4A88-B3CA-BBE35CD22D0A}.Release|Any CPU.Build.0 = Release|Any CPU
		{CF12A3D2-2E5A-4A05-896F-EF5AF06E4604}.Debug|Any CPU.ActiveCfg = Debug|Any CPU
		{CF12A3D2-2E5A-4A05-896F-EF5AF06E4604}.Debug|Any CPU.Build.0 = Debug|Any CPU
		{CF12A3D2-2E5A-4A05-896F-EF5AF06E4604}.DebugPublish|Any CPU.ActiveCfg = Debug|Any CPU
		{CF12A3D2-2E5A-4A05-896F-EF5AF06E4604}.DebugPublish|Any CPU.Build.0 = Debug|Any CPU
		{CF12A3D2-2E5A-4A05-896F-EF5AF06E4604}.Release|Any CPU.ActiveCfg = Release|Any CPU
		{CF12A3D2-2E5A-4A05-896F-EF5AF06E4604}.Release|Any CPU.Build.0 = Release|Any CPU
		{C48773CA-2BFA-4498-8EC4-157BBF5D01A7}.Debug|Any CPU.ActiveCfg = Debug|Any CPU
		{C48773CA-2BFA-4498-8EC4-157BBF5D01A7}.Debug|Any CPU.Build.0 = Debug|Any CPU
		{C48773CA-2BFA-4498-8EC4-157BBF5D01A7}.DebugPublish|Any CPU.ActiveCfg = Debug|Any CPU
		{C48773CA-2BFA-4498-8EC4-157BBF5D01A7}.DebugPublish|Any CPU.Build.0 = Debug|Any CPU
		{C48773CA-2BFA-4498-8EC4-157BBF5D01A7}.Release|Any CPU.ActiveCfg = Release|Any CPU
		{C48773CA-2BFA-4498-8EC4-157BBF5D01A7}.Release|Any CPU.Build.0 = Release|Any CPU
		{F4AC8A4F-FCA2-4C47-9730-27D2B46F809C}.Debug|Any CPU.ActiveCfg = Debug|Any CPU
		{F4AC8A4F-FCA2-4C47-9730-27D2B46F809C}.Debug|Any CPU.Build.0 = Debug|Any CPU
		{F4AC8A4F-FCA2-4C47-9730-27D2B46F809C}.DebugPublish|Any CPU.ActiveCfg = Debug|Any CPU
		{F4AC8A4F-FCA2-4C47-9730-27D2B46F809C}.DebugPublish|Any CPU.Build.0 = Debug|Any CPU
		{F4AC8A4F-FCA2-4C47-9730-27D2B46F809C}.Release|Any CPU.ActiveCfg = Release|Any CPU
		{F4AC8A4F-FCA2-4C47-9730-27D2B46F809C}.Release|Any CPU.Build.0 = Release|Any CPU
		{BEBD3DF3-CF94-4616-A134-34B6318AF330}.Debug|Any CPU.ActiveCfg = Debug|Any CPU
		{BEBD3DF3-CF94-4616-A134-34B6318AF330}.Debug|Any CPU.Build.0 = Debug|Any CPU
		{BEBD3DF3-CF94-4616-A134-34B6318AF330}.DebugPublish|Any CPU.ActiveCfg = Debug|Any CPU
		{BEBD3DF3-CF94-4616-A134-34B6318AF330}.DebugPublish|Any CPU.Build.0 = Debug|Any CPU
		{BEBD3DF3-CF94-4616-A134-34B6318AF330}.Release|Any CPU.ActiveCfg = Release|Any CPU
		{BEBD3DF3-CF94-4616-A134-34B6318AF330}.Release|Any CPU.Build.0 = Release|Any CPU
		{1AFA51AE-A00B-4DFB-9329-36D11D3E70B0}.Debug|Any CPU.ActiveCfg = Debug|Any CPU
		{1AFA51AE-A00B-4DFB-9329-36D11D3E70B0}.Debug|Any CPU.Build.0 = Debug|Any CPU
		{1AFA51AE-A00B-4DFB-9329-36D11D3E70B0}.DebugPublish|Any CPU.ActiveCfg = Debug|Any CPU
		{1AFA51AE-A00B-4DFB-9329-36D11D3E70B0}.DebugPublish|Any CPU.Build.0 = Debug|Any CPU
		{1AFA51AE-A00B-4DFB-9329-36D11D3E70B0}.Release|Any CPU.ActiveCfg = Release|Any CPU
		{1AFA51AE-A00B-4DFB-9329-36D11D3E70B0}.Release|Any CPU.Build.0 = Release|Any CPU
		{77D85FAE-9622-4556-8AD4-0315EA19DAF7}.Debug|Any CPU.ActiveCfg = Debug|Any CPU
		{77D85FAE-9622-4556-8AD4-0315EA19DAF7}.Debug|Any CPU.Build.0 = Debug|Any CPU
		{77D85FAE-9622-4556-8AD4-0315EA19DAF7}.DebugPublish|Any CPU.ActiveCfg = DebugPublish|Any CPU
		{77D85FAE-9622-4556-8AD4-0315EA19DAF7}.DebugPublish|Any CPU.Build.0 = DebugPublish|Any CPU
		{77D85FAE-9622-4556-8AD4-0315EA19DAF7}.Release|Any CPU.ActiveCfg = Release|Any CPU
		{77D85FAE-9622-4556-8AD4-0315EA19DAF7}.Release|Any CPU.Build.0 = Release|Any CPU
		{3157A447-D9CD-45D1-B571-7DD9CEC0A7EB}.Debug|Any CPU.ActiveCfg = Debug|Any CPU
		{3157A447-D9CD-45D1-B571-7DD9CEC0A7EB}.Debug|Any CPU.Build.0 = Debug|Any CPU
		{3157A447-D9CD-45D1-B571-7DD9CEC0A7EB}.DebugPublish|Any CPU.ActiveCfg = Debug|Any CPU
		{3157A447-D9CD-45D1-B571-7DD9CEC0A7EB}.DebugPublish|Any CPU.Build.0 = Debug|Any CPU
		{3157A447-D9CD-45D1-B571-7DD9CEC0A7EB}.Release|Any CPU.ActiveCfg = Release|Any CPU
		{3157A447-D9CD-45D1-B571-7DD9CEC0A7EB}.Release|Any CPU.Build.0 = Release|Any CPU
		{7C1F67B9-6158-401C-9F47-6F9AF3B31D3A}.Debug|Any CPU.ActiveCfg = Debug|Any CPU
		{7C1F67B9-6158-401C-9F47-6F9AF3B31D3A}.Debug|Any CPU.Build.0 = Debug|Any CPU
		{7C1F67B9-6158-401C-9F47-6F9AF3B31D3A}.DebugPublish|Any CPU.ActiveCfg = Debug|Any CPU
		{7C1F67B9-6158-401C-9F47-6F9AF3B31D3A}.DebugPublish|Any CPU.Build.0 = Debug|Any CPU
		{7C1F67B9-6158-401C-9F47-6F9AF3B31D3A}.Release|Any CPU.ActiveCfg = Release|Any CPU
		{7C1F67B9-6158-401C-9F47-6F9AF3B31D3A}.Release|Any CPU.Build.0 = Release|Any CPU
		{1EF4B4C6-E477-4FDE-8AD2-DF72A24270EC}.Debug|Any CPU.ActiveCfg = Debug|Any CPU
		{1EF4B4C6-E477-4FDE-8AD2-DF72A24270EC}.Debug|Any CPU.Build.0 = Debug|Any CPU
		{1EF4B4C6-E477-4FDE-8AD2-DF72A24270EC}.DebugPublish|Any CPU.ActiveCfg = Debug|Any CPU
		{1EF4B4C6-E477-4FDE-8AD2-DF72A24270EC}.DebugPublish|Any CPU.Build.0 = Debug|Any CPU
		{1EF4B4C6-E477-4FDE-8AD2-DF72A24270EC}.Release|Any CPU.ActiveCfg = Release|Any CPU
		{1EF4B4C6-E477-4FDE-8AD2-DF72A24270EC}.Release|Any CPU.Build.0 = Release|Any CPU
	EndGlobalSection
	GlobalSection(SolutionProperties) = preSolution
		HideSolutionNode = FALSE
	EndGlobalSection
	GlobalSection(NestedProjects) = preSolution
		{30AFD40B-AC57-47FE-8A07-E6FBA341FC71} = {3262005B-1A8E-4C24-96DB-FB6FC47B7E8F}
		{DB890363-A013-4CFB-99DE-CF76F346EE5A} = {3262005B-1A8E-4C24-96DB-FB6FC47B7E8F}
		{0C3B4FC7-4695-48BD-AA29-6EA5572DF3DB} = {3262005B-1A8E-4C24-96DB-FB6FC47B7E8F}
		{AFBB3658-F276-44A4-AECF-AAF729587FA4} = {3262005B-1A8E-4C24-96DB-FB6FC47B7E8F}
		{66915408-D8F4-43B8-B126-AD3FD0706CCA} = {BC595DAB-9FA1-42B2-B359-701857122D94}
		{487CF51C-1710-4DD9-BD10-A3D275F21A4D} = {12F7C629-CC8E-4D9A-B58B-8404836E2095}
		{61D0F886-DB69-45B7-AE4B-5405E6D58A8F} = {BC595DAB-9FA1-42B2-B359-701857122D94}
		{A3D97C81-7036-4645-A3CF-2C9A3A366CDB} = {BC595DAB-9FA1-42B2-B359-701857122D94}
		{F26F1383-FCCA-410D-8E7E-376FAED6B8F1} = {BC595DAB-9FA1-42B2-B359-701857122D94}
		{5C13198C-061B-4C02-B832-E770B5132FD0} = {BC595DAB-9FA1-42B2-B359-701857122D94}
		{84D387C8-A1CD-4E0C-9D71-3C59C4A60FF4} = {BC595DAB-9FA1-42B2-B359-701857122D94}
		{38F4F95A-F905-43E1-8AD0-4D7D4820EDEF} = {BC595DAB-9FA1-42B2-B359-701857122D94}
		{433B3A9E-2B32-4B2F-874E-7F877678131C} = {3262005B-1A8E-4C24-96DB-FB6FC47B7E8F}
		{C1E7C5B7-0BFA-4F28-B441-C66D76B538BE} = {3262005B-1A8E-4C24-96DB-FB6FC47B7E8F}
		{5CF87282-4730-40ED-BD50-2C3BBB2261F2} = {06112254-D3B6-440D-BA0C-BB7763942DCE}
		{A80DB702-111F-46EC-AFFF-E0C67FFB76C1} = {9469DF12-3006-4CE2-AD38-002A02B4C6EE}
		{F13E952E-4B30-499A-B5A5-2845D626322C} = {9469DF12-3006-4CE2-AD38-002A02B4C6EE}
		{52CC6BDC-99B7-4A88-B3CA-BBE35CD22D0A} = {BC595DAB-9FA1-42B2-B359-701857122D94}
		{CF12A3D2-2E5A-4A05-896F-EF5AF06E4604} = {12F7C629-CC8E-4D9A-B58B-8404836E2095}
		{C48773CA-2BFA-4498-8EC4-157BBF5D01A7} = {06112254-D3B6-440D-BA0C-BB7763942DCE}
		{F4AC8A4F-FCA2-4C47-9730-27D2B46F809C} = {06112254-D3B6-440D-BA0C-BB7763942DCE}
		{06112254-D3B6-440D-BA0C-BB7763942DCE} = {3262005B-1A8E-4C24-96DB-FB6FC47B7E8F}
		{BEBD3DF3-CF94-4616-A134-34B6318AF330} = {06112254-D3B6-440D-BA0C-BB7763942DCE}
		{C975B682-4136-43DD-B39B-41DC8840F993} = {30170FA1-E0F0-487C-B61C-5ED60DD52B15}
		{1AFA51AE-A00B-4DFB-9329-36D11D3E70B0} = {C975B682-4136-43DD-B39B-41DC8840F993}
		{77D85FAE-9622-4556-8AD4-0315EA19DAF7} = {BC595DAB-9FA1-42B2-B359-701857122D94}
		{3157A447-D9CD-45D1-B571-7DD9CEC0A7EB} = {C975B682-4136-43DD-B39B-41DC8840F993}
		{7C1F67B9-6158-401C-9F47-6F9AF3B31D3A} = {3E25B6A0-4F4C-447C-9ECF-C7DB082511FD}
		{1EF4B4C6-E477-4FDE-8AD2-DF72A24270EC} = {3E25B6A0-4F4C-447C-9ECF-C7DB082511FD}
		{3E25B6A0-4F4C-447C-9ECF-C7DB082511FD} = {9469DF12-3006-4CE2-AD38-002A02B4C6EE}
	EndGlobalSection
	GlobalSection(ExtensibilityGlobals) = postSolution
		SolutionGuid = {0D628B0D-DBDF-4F23-97CB-247F3DB1C36A}
	EndGlobalSection
EndGlobal
