
Microsoft Visual Studio Solution File, Format Version 12.00
# Visual Studio 15
VisualStudioVersion = 15.0.27130.2010
MinimumVisualStudioVersion = 10.0.40219.1
Project("{2150E333-8FDC-42A3-9474-1A3956D46DE8}") = "基础设施层", "基础设施层", "{BC595DAB-9FA1-42B2-B359-701857122D94}"
EndProject
Project("{2150E333-8FDC-42A3-9474-1A3956D46DE8}") = "测试", "测试", "{12F7C629-CC8E-4D9A-B58B-8404836E2095}"
EndProject
Project("{2150E333-8FDC-42A3-9474-1A3956D46DE8}") = "展现层", "展现层", "{3262005B-1A8E-4C24-96DB-FB6FC47B7E8F}"
EndProject
Project("{FAE04EC0-301F-11D3-BF4B-00C04F79EFBC}") = "HM.MasterControl", "HM.MasterControl\HM.MasterControl.csproj", "{30AFD40B-AC57-47FE-8A07-E6FBA341FC71}"
EndProject
Project("{FAE04EC0-301F-11D3-BF4B-00C04F79EFBC}") = "HM.Cloud.Server", "HM.Cloud.Server\HM.Cloud.Server.csproj", "{DB890363-A013-4CFB-99DE-CF76F346EE5A}"
EndProject
Project("{FAE04EC0-301F-11D3-BF4B-00C04F79EFBC}") = "HM.Cloud.Client", "HM.Cloud.Client\HM.Cloud.Client.csproj", "{0C3B4FC7-4695-48BD-AA29-6EA5572DF3DB}"
EndProject
Project("{FAE04EC0-301F-11D3-BF4B-00C04F79EFBC}") = "HM.WatchDog", "HM.WatchDog\HM.WatchDog.csproj", "{AFBB3658-F276-44A4-AECF-AAF729587FA4}"
EndProject
Project("{FAE04EC0-301F-11D3-BF4B-00C04F79EFBC}") = "HM.Form_", "HM.Form_\HM.Form_.csproj", "{66915408-D8F4-43B8-B126-AD3FD0706CCA}"
EndProject
Project("{FAE04EC0-301F-11D3-BF4B-00C04F79EFBC}") = "HMTests", "HMTests\HMTests.csproj", "{487CF51C-1710-4DD9-BD10-A3D275F21A4D}"
EndProject
Project("{FAE04EC0-301F-11D3-BF4B-00C04F79EFBC}") = "HM", "HM\HM.csproj", "{61D0F886-DB69-45B7-AE4B-5405E6D58A8F}"
EndProject
Project("{FAE04EC0-301F-11D3-BF4B-00C04F79EFBC}") = "HM.Common_", "HM.Common_\HM.Common_.csproj", "{A3D97C81-7036-4645-A3CF-2C9A3A366CDB}"
EndProject
Project("{FAE04EC0-301F-11D3-BF4B-00C04F79EFBC}") = "HM.Enum_", "HM.Enum_\HM.Enum_.csproj", "{F26F1383-FCCA-410D-8E7E-376FAED6B8F1}"
EndProject
Project("{FAE04EC0-301F-11D3-BF4B-00C04F79EFBC}") = "HM.Socket_", "HM.Socket_\HM.Socket_.csproj", "{5C13198C-061B-4C02-B832-E770B5132FD0}"
EndProject
Project("{FAE04EC0-301F-11D3-BF4B-00C04F79EFBC}") = "HM.Socket_.Common_", "HM.Socket_.Common_\HM.Socket_.Common_.csproj", "{84D387C8-A1CD-4E0C-9D71-3C59C4A60FF4}"
EndProject
Project("{FAE04EC0-301F-11D3-BF4B-00C04F79EFBC}") = "HM.Utils_", "HM.Utils_\HM.Utils_.csproj", "{38F4F95A-F905-43E1-8AD0-4D7D4820EDEF}"
EndProject
Project("{FAE04EC0-301F-11D3-BF4B-00C04F79EFBC}") = "HM.AutoUpdate", "HM.AutoUpdate\HM.AutoUpdate.csproj", "{433B3A9E-2B32-4B2F-874E-7F877678131C}"
EndProject
Project("{2150E333-8FDC-42A3-9474-1A3956D46DE8}") = "业务层", "业务层", "{30170FA1-E0F0-487C-B61C-5ED60DD52B15}"
EndProject
Project("{FAE04EC0-301F-11D3-BF4B-00C04F79EFBC}") = "HM.ControlCenter", "HM.ControlCenter\HM.ControlCenter.csproj", "{C1E7C5B7-0BFA-4F28-B441-C66D76B538BE}"
EndProject
Project("{FAE04EC0-301F-11D3-BF4B-00C04F79EFBC}") = "HM.FacePlatForm", "HM.FacePlatForm\HM.FacePlatForm.csproj", "{5CF87282-4730-40ED-BD50-2C3BBB2261F2}"
EndProject
Global
	GlobalSection(SolutionConfigurationPlatforms) = preSolution
		Debug|Any CPU = Debug|Any CPU
		Release|Any CPU = Release|Any CPU
	EndGlobalSection
	GlobalSection(ProjectConfigurationPlatforms) = postSolution
		{30AFD40B-AC57-47FE-8A07-E6FBA341FC71}.Debug|Any CPU.ActiveCfg = Debug|Any CPU
		{30AFD40B-AC57-47FE-8A07-E6FBA341FC71}.Debug|Any CPU.Build.0 = Debug|Any CPU
		{30AFD40B-AC57-47FE-8A07-E6FBA341FC71}.Release|Any CPU.ActiveCfg = Release|Any CPU
		{30AFD40B-AC57-47FE-8A07-E6FBA341FC71}.Release|Any CPU.Build.0 = Release|Any CPU
		{DB890363-A013-4CFB-99DE-CF76F346EE5A}.Debug|Any CPU.ActiveCfg = Debug|Any CPU
		{DB890363-A013-4CFB-99DE-CF76F346EE5A}.Debug|Any CPU.Build.0 = Debug|Any CPU
		{DB890363-A013-4CFB-99DE-CF76F346EE5A}.Release|Any CPU.ActiveCfg = Release|Any CPU
		{DB890363-A013-4CFB-99DE-CF76F346EE5A}.Release|Any CPU.Build.0 = Release|Any CPU
		{0C3B4FC7-4695-48BD-AA29-6EA5572DF3DB}.Debug|Any CPU.ActiveCfg = Debug|Any CPU
		{0C3B4FC7-4695-48BD-AA29-6EA5572DF3DB}.Debug|Any CPU.Build.0 = Debug|Any CPU
		{0C3B4FC7-4695-48BD-AA29-6EA5572DF3DB}.Release|Any CPU.ActiveCfg = Release|Any CPU
		{0C3B4FC7-4695-48BD-AA29-6EA5572DF3DB}.Release|Any CPU.Build.0 = Release|Any CPU
		{AFBB3658-F276-44A4-AECF-AAF729587FA4}.Debug|Any CPU.ActiveCfg = Debug|Any CPU
		{AFBB3658-F276-44A4-AECF-AAF729587FA4}.Debug|Any CPU.Build.0 = Debug|Any CPU
		{AFBB3658-F276-44A4-AECF-AAF729587FA4}.Release|Any CPU.ActiveCfg = Release|Any CPU
		{AFBB3658-F276-44A4-AECF-AAF729587FA4}.Release|Any CPU.Build.0 = Release|Any CPU
		{66915408-D8F4-43B8-B126-AD3FD0706CCA}.Debug|Any CPU.ActiveCfg = Debug|Any CPU
		{66915408-D8F4-43B8-B126-AD3FD0706CCA}.Debug|Any CPU.Build.0 = Debug|Any CPU
		{66915408-D8F4-43B8-B126-AD3FD0706CCA}.Release|Any CPU.ActiveCfg = Release|Any CPU
		{66915408-D8F4-43B8-B126-AD3FD0706CCA}.Release|Any CPU.Build.0 = Release|Any CPU
		{487CF51C-1710-4DD9-BD10-A3D275F21A4D}.Debug|Any CPU.ActiveCfg = Debug|Any CPU
		{487CF51C-1710-4DD9-BD10-A3D275F21A4D}.Debug|Any CPU.Build.0 = Debug|Any CPU
		{487CF51C-1710-4DD9-BD10-A3D275F21A4D}.Release|Any CPU.ActiveCfg = Release|Any CPU
		{487CF51C-1710-4DD9-BD10-A3D275F21A4D}.Release|Any CPU.Build.0 = Release|Any CPU
		{61D0F886-DB69-45B7-AE4B-5405E6D58A8F}.Debug|Any CPU.ActiveCfg = Debug|Any CPU
		{61D0F886-DB69-45B7-AE4B-5405E6D58A8F}.Debug|Any CPU.Build.0 = Debug|Any CPU
		{61D0F886-DB69-45B7-AE4B-5405E6D58A8F}.Release|Any CPU.ActiveCfg = Release|Any CPU
		{61D0F886-DB69-45B7-AE4B-5405E6D58A8F}.Release|Any CPU.Build.0 = Release|Any CPU
		{A3D97C81-7036-4645-A3CF-2C9A3A366CDB}.Debug|Any CPU.ActiveCfg = Debug|Any CPU
		{A3D97C81-7036-4645-A3CF-2C9A3A366CDB}.Debug|Any CPU.Build.0 = Debug|Any CPU
		{A3D97C81-7036-4645-A3CF-2C9A3A366CDB}.Release|Any CPU.ActiveCfg = Release|Any CPU
		{A3D97C81-7036-4645-A3CF-2C9A3A366CDB}.Release|Any CPU.Build.0 = Release|Any CPU
		{F26F1383-FCCA-410D-8E7E-376FAED6B8F1}.Debug|Any CPU.ActiveCfg = Debug|Any CPU
		{F26F1383-FCCA-410D-8E7E-376FAED6B8F1}.Debug|Any CPU.Build.0 = Debug|Any CPU
		{F26F1383-FCCA-410D-8E7E-376FAED6B8F1}.Release|Any CPU.ActiveCfg = Release|Any CPU
		{F26F1383-FCCA-410D-8E7E-376FAED6B8F1}.Release|Any CPU.Build.0 = Release|Any CPU
		{5C13198C-061B-4C02-B832-E770B5132FD0}.Debug|Any CPU.ActiveCfg = Debug|Any CPU
		{5C13198C-061B-4C02-B832-E770B5132FD0}.Debug|Any CPU.Build.0 = Debug|Any CPU
		{5C13198C-061B-4C02-B832-E770B5132FD0}.Release|Any CPU.ActiveCfg = Release|Any CPU
		{5C13198C-061B-4C02-B832-E770B5132FD0}.Release|Any CPU.Build.0 = Release|Any CPU
		{84D387C8-A1CD-4E0C-9D71-3C59C4A60FF4}.Debug|Any CPU.ActiveCfg = Debug|Any CPU
		{84D387C8-A1CD-4E0C-9D71-3C59C4A60FF4}.Debug|Any CPU.Build.0 = Debug|Any CPU
		{84D387C8-A1CD-4E0C-9D71-3C59C4A60FF4}.Release|Any CPU.ActiveCfg = Release|Any CPU
		{84D387C8-A1CD-4E0C-9D71-3C59C4A60FF4}.Release|Any CPU.Build.0 = Release|Any CPU
		{38F4F95A-F905-43E1-8AD0-4D7D4820EDEF}.Debug|Any CPU.ActiveCfg = Debug|Any CPU
		{38F4F95A-F905-43E1-8AD0-4D7D4820EDEF}.Debug|Any CPU.Build.0 = Debug|Any CPU
		{38F4F95A-F905-43E1-8AD0-4D7D4820EDEF}.Release|Any CPU.ActiveCfg = Release|Any CPU
		{38F4F95A-F905-43E1-8AD0-4D7D4820EDEF}.Release|Any CPU.Build.0 = Release|Any CPU
		{433B3A9E-2B32-4B2F-874E-7F877678131C}.Debug|Any CPU.ActiveCfg = Debug|Any CPU
		{433B3A9E-2B32-4B2F-874E-7F877678131C}.Debug|Any CPU.Build.0 = Debug|Any CPU
		{433B3A9E-2B32-4B2F-874E-7F877678131C}.Release|Any CPU.ActiveCfg = Release|Any CPU
		{433B3A9E-2B32-4B2F-874E-7F877678131C}.Release|Any CPU.Build.0 = Release|Any CPU
		{C1E7C5B7-0BFA-4F28-B441-C66D76B538BE}.Debug|Any CPU.ActiveCfg = Debug|Any CPU
		{C1E7C5B7-0BFA-4F28-B441-C66D76B538BE}.Debug|Any CPU.Build.0 = Debug|Any CPU
		{C1E7C5B7-0BFA-4F28-B441-C66D76B538BE}.Release|Any CPU.ActiveCfg = Release|Any CPU
		{C1E7C5B7-0BFA-4F28-B441-C66D76B538BE}.Release|Any CPU.Build.0 = Release|Any CPU
		{5CF87282-4730-40ED-BD50-2C3BBB2261F2}.Debug|Any CPU.ActiveCfg = Debug|Any CPU
		{5CF87282-4730-40ED-BD50-2C3BBB2261F2}.Debug|Any CPU.Build.0 = Debug|Any CPU
		{5CF87282-4730-40ED-BD50-2C3BBB2261F2}.Release|Any CPU.ActiveCfg = Release|Any CPU
		{5CF87282-4730-40ED-BD50-2C3BBB2261F2}.Release|Any CPU.Build.0 = Release|Any CPU
	EndGlobalSection
	GlobalSection(SolutionProperties) = preSolution
		HideSolutionNode = FALSE
	EndGlobalSection
	GlobalSection(NestedProjects) = preSolution
		{30AFD40B-AC57-47FE-8A07-E6FBA341FC71} = {3262005B-1A8E-4C24-96DB-FB6FC47B7E8F}
		{DB890363-A013-4CFB-99DE-CF76F346EE5A} = {3262005B-1A8E-4C24-96DB-FB6FC47B7E8F}
		{0C3B4FC7-4695-48BD-AA29-6EA5572DF3DB} = {3262005B-1A8E-4C24-96DB-FB6FC47B7E8F}
		{AFBB3658-F276-44A4-AECF-AAF729587FA4} = {3262005B-1A8E-4C24-96DB-FB6FC47B7E8F}
		{66915408-D8F4-43B8-B126-AD3FD0706CCA} = {BC595DAB-9FA1-42B2-B359-701857122D94}
		{487CF51C-1710-4DD9-BD10-A3D275F21A4D} = {12F7C629-CC8E-4D9A-B58B-8404836E2095}
		{61D0F886-DB69-45B7-AE4B-5405E6D58A8F} = {BC595DAB-9FA1-42B2-B359-701857122D94}
		{A3D97C81-7036-4645-A3CF-2C9A3A366CDB} = {BC595DAB-9FA1-42B2-B359-701857122D94}
		{F26F1383-FCCA-410D-8E7E-376FAED6B8F1} = {BC595DAB-9FA1-42B2-B359-701857122D94}
		{5C13198C-061B-4C02-B832-E770B5132FD0} = {BC595DAB-9FA1-42B2-B359-701857122D94}
		{84D387C8-A1CD-4E0C-9D71-3C59C4A60FF4} = {BC595DAB-9FA1-42B2-B359-701857122D94}
		{38F4F95A-F905-43E1-8AD0-4D7D4820EDEF} = {BC595DAB-9FA1-42B2-B359-701857122D94}
		{433B3A9E-2B32-4B2F-874E-7F877678131C} = {3262005B-1A8E-4C24-96DB-FB6FC47B7E8F}
		{C1E7C5B7-0BFA-4F28-B441-C66D76B538BE} = {3262005B-1A8E-4C24-96DB-FB6FC47B7E8F}
		{5CF87282-4730-40ED-BD50-2C3BBB2261F2} = {3262005B-1A8E-4C24-96DB-FB6FC47B7E8F}
	EndGlobalSection
	GlobalSection(ExtensibilityGlobals) = postSolution
		SolutionGuid = {0D628B0D-DBDF-4F23-97CB-247F3DB1C36A}
	EndGlobalSection
EndGlobal
